// !$*UTF8*$!
{
	archiveVersion = 1;
	classes = {
	};
	objectVersion = 46;
	objects = {

/* Begin PBXBuildFile section */
		2D636FB81C434B7C00346C8C /* main.m in Sources */ = {isa = PBXBuildFile; fileRef = 2D636FB71C434B7C00346C8C /* main.m */; };
		2D636FBB1C434B7C00346C8C /* AppDelegate.m in Sources */ = {isa = PBXBuildFile; fileRef = 2D636FBA1C434B7C00346C8C /* AppDelegate.m */; };
		2D636FBE1C434B7C00346C8C /* ViewController.m in Sources */ = {isa = PBXBuildFile; fileRef = 2D636FBD1C434B7C00346C8C /* ViewController.m */; };
		2D636FC11C434B7C00346C8C /* Main.storyboard in Resources */ = {isa = PBXBuildFile; fileRef = 2D636FBF1C434B7C00346C8C /* Main.storyboard */; };
		2D636FC31C434B7C00346C8C /* Assets.xcassets in Resources */ = {isa = PBXBuildFile; fileRef = 2D636FC21C434B7C00346C8C /* Assets.xcassets */; };
		2D636FC61C434B7C00346C8C /* LaunchScreen.storyboard in Resources */ = {isa = PBXBuildFile; fileRef = 2D636FC41C434B7C00346C8C /* LaunchScreen.storyboard */; };
		2D636FD11C434B7D00346C8C /* MyTestTests.m in Sources */ = {isa = PBXBuildFile; fileRef = 2D636FD01C434B7D00346C8C /* MyTestTests.m */; };
		2D636FDC1C434B7D00346C8C /* MyTestUITests.m in Sources */ = {isa = PBXBuildFile; fileRef = 2D636FDB1C434B7D00346C8C /* MyTestUITests.m */; };
/* End PBXBuildFile section */

/* Begin PBXContainerItemProxy section */
		2D636FCD1C434B7C00346C8C /* PBXContainerItemProxy */ = {
			isa = PBXContainerItemProxy;
			containerPortal = 2D636FAB1C434B7C00346C8C /* Project object */;
			proxyType = 1;
			remoteGlobalIDString = 2D636FB21C434B7C00346C8C;
			remoteInfo = MyTest;
		};
		2D636FD81C434B7D00346C8C /* PBXContainerItemProxy */ = {
			isa = PBXContainerItemProxy;
			containerPortal = 2D636FAB1C434B7C00346C8C /* Project object */;
			proxyType = 1;
			remoteGlobalIDString = 2D636FB21C434B7C00346C8C;
			remoteInfo = MyTest;
		};
/* End PBXContainerItemProxy section */

/* Begin PBXFileReference section */
		2D636FB31C434B7C00346C8C /* MyTest.app */ = {isa = PBXFileReference; explicitFileType = wrapper.application; includeInIndex = 0; path = MyTest.app; sourceTree = BUILT_PRODUCTS_DIR; };
		2D636FB71C434B7C00346C8C /* main.m */ = {isa = PBXFileReference; lastKnownFileType = sourcecode.c.objc; path = main.m; sourceTree = "<group>"; };
		2D636FB91C434B7C00346C8C /* AppDelegate.h */ = {isa = PBXFileReference; lastKnownFileType = sourcecode.c.h; path = AppDelegate.h; sourceTree = "<group>"; };
		2D636FBA1C434B7C00346C8C /* AppDelegate.m */ = {isa = PBXFileReference; lastKnownFileType = sourcecode.c.objc; path = AppDelegate.m; sourceTree = "<group>"; };
		2D636FBC1C434B7C00346C8C /* ViewController.h */ = {isa = PBXFileReference; lastKnownFileType = sourcecode.c.h; path = ViewController.h; sourceTree = "<group>"; };
		2D636FBD1C434B7C00346C8C /* ViewController.m */ = {isa = PBXFileReference; lastKnownFileType = sourcecode.c.objc; path = ViewController.m; sourceTree = "<group>"; };
		2D636FC01C434B7C00346C8C /* Base */ = {isa = PBXFileReference; lastKnownFileType = file.storyboard; name = Base; path = Base.lproj/Main.storyboard; sourceTree = "<group>"; };
		2D636FC21C434B7C00346C8C /* Assets.xcassets */ = {isa = PBXFileReference; lastKnownFileType = folder.assetcatalog; path = Assets.xcassets; sourceTree = "<group>"; };
		2D636FC51C434B7C00346C8C /* Base */ = {isa = PBXFileReference; lastKnownFileType = file.storyboard; name = Base; path = Base.lproj/LaunchScreen.storyboard; sourceTree = "<group>"; };
		2D636FC71C434B7C00346C8C /* Info.plist */ = {isa = PBXFileReference; lastKnownFileType = text.plist.xml; path = Info.plist; sourceTree = "<group>"; };
		2D636FCC1C434B7C00346C8C /* MyTestTests.xctest */ = {isa = PBXFileReference; explicitFileType = wrapper.cfbundle; includeInIndex = 0; path = MyTestTests.xctest; sourceTree = BUILT_PRODUCTS_DIR; };
		2D636FD01C434B7D00346C8C /* MyTestTests.m */ = {isa = PBXFileReference; lastKnownFileType = sourcecode.c.objc; path = MyTestTests.m; sourceTree = "<group>"; };
		2D636FD21C434B7D00346C8C /* Info.plist */ = {isa = PBXFileReference; lastKnownFileType = text.plist.xml; path = Info.plist; sourceTree = "<group>"; };
		2D636FD71C434B7D00346C8C /* MyTestUITests.xctest */ = {isa = PBXFileReference; explicitFileType = wrapper.cfbundle; includeInIndex = 0; path = MyTestUITests.xctest; sourceTree = BUILT_PRODUCTS_DIR; };
		2D636FDB1C434B7D00346C8C /* MyTestUITests.m */ = {isa = PBXFileReference; lastKnownFileType = sourcecode.c.objc; path = MyTestUITests.m; sourceTree = "<group>"; };
		2D636FDD1C434B7D00346C8C /* Info.plist */ = {isa = PBXFileReference; lastKnownFileType = text.plist.xml; path = Info.plist; sourceTree = "<group>"; };
/* End PBXFileReference section */

/* Begin PBXFrameworksBuildPhase section */
		2D636FB01C434B7C00346C8C /* Frameworks */ = {
			isa = PBXFrameworksBuildPhase;
			buildActionMask = 2147483647;
			files = (
			);
			runOnlyForDeploymentPostprocessing = 0;
		};
		2D636FC91C434B7C00346C8C /* Frameworks */ = {
			isa = PBXFrameworksBuildPhase;
			buildActionMask = 2147483647;
			files = (
			);
			runOnlyForDeploymentPostprocessing = 0;
		};
		2D636FD41C434B7D00346C8C /* Frameworks */ = {
			isa = PBXFrameworksBuildPhase;
			buildActionMask = 2147483647;
			files = (
			);
			runOnlyForDeploymentPostprocessing = 0;
		};
/* End PBXFrameworksBuildPhase section */

/* Begin PBXGroup section */
		2D636FAA1C434B7C00346C8C = {
			isa = PBXGroup;
			children = (
				2D636FB51C434B7C00346C8C /* MyTest */,
				2D636FCF1C434B7C00346C8C /* MyTestTests */,
				2D636FDA1C434B7D00346C8C /* MyTestUITests */,
				2D636FB41C434B7C00346C8C /* Products */,
			);
			sourceTree = "<group>";
		};
		2D636FB41C434B7C00346C8C /* Products */ = {
			isa = PBXGroup;
			children = (
				2D636FB31C434B7C00346C8C /* MyTest.app */,
				2D636FCC1C434B7C00346C8C /* MyTestTests.xctest */,
				2D636FD71C434B7D00346C8C /* MyTestUITests.xctest */,
			);
			name = Products;
			sourceTree = "<group>";
		};
		2D636FB51C434B7C00346C8C /* MyTest */ = {
			isa = PBXGroup;
			children = (
				2D636FB91C434B7C00346C8C /* AppDelegate.h */,
				2D636FBA1C434B7C00346C8C /* AppDelegate.m */,
				2D636FBC1C434B7C00346C8C /* ViewController.h */,
				2D636FBD1C434B7C00346C8C /* ViewController.m */,
				2D636FBF1C434B7C00346C8C /* Main.storyboard */,
				2D636FC21C434B7C00346C8C /* Assets.xcassets */,
				2D636FC41C434B7C00346C8C /* LaunchScreen.storyboard */,
				2D636FC71C434B7C00346C8C /* Info.plist */,
				2D636FB61C434B7C00346C8C /* Supporting Files */,
			);
			path = MyTest;
			sourceTree = "<group>";
		};
		2D636FB61C434B7C00346C8C /* Supporting Files */ = {
			isa = PBXGroup;
			children = (
				2D636FB71C434B7C00346C8C /* main.m */,
			);
			name = "Supporting Files";
			sourceTree = "<group>";
		};
		2D636FCF1C434B7C00346C8C /* MyTestTests */ = {
			isa = PBXGroup;
			children = (
				2D636FD01C434B7D00346C8C /* MyTestTests.m */,
				2D636FD21C434B7D00346C8C /* Info.plist */,
			);
			path = MyTestTests;
			sourceTree = "<group>";
		};
		2D636FDA1C434B7D00346C8C /* MyTestUITests */ = {
			isa = PBXGroup;
			children = (
				2D636FDB1C434B7D00346C8C /* MyTestUITests.m */,
				2D636FDD1C434B7D00346C8C /* Info.plist */,
			);
			path = MyTestUITests;
			sourceTree = "<group>";
		};
/* End PBXGroup section */

/* Begin PBXNativeTarget section */
		2D636FB21C434B7C00346C8C /* MyTest */ = {
			isa = PBXNativeTarget;
			buildConfigurationList = 2D636FE01C434B7D00346C8C /* Build configuration list for PBXNativeTarget "MyTest" */;
			buildPhases = (
				2D636FAF1C434B7C00346C8C /* Sources */,
				2D636FB01C434B7C00346C8C /* Frameworks */,
				2D636FB11C434B7C00346C8C /* Resources */,
			);
			buildRules = (
			);
			dependencies = (
			);
			name = MyTest;
			productName = MyTest;
			productReference = 2D636FB31C434B7C00346C8C /* MyTest.app */;
			productType = "com.apple.product-type.application";
		};
		2D636FCB1C434B7C00346C8C /* MyTestTests */ = {
			isa = PBXNativeTarget;
			buildConfigurationList = 2D636FE31C434B7D00346C8C /* Build configuration list for PBXNativeTarget "MyTestTests" */;
			buildPhases = (
				2D636FC81C434B7C00346C8C /* Sources */,
				2D636FC91C434B7C00346C8C /* Frameworks */,
				2D636FCA1C434B7C00346C8C /* Resources */,
			);
			buildRules = (
			);
			dependencies = (
				2D636FCE1C434B7C00346C8C /* PBXTargetDependency */,
			);
			name = MyTestTests;
			productName = MyTestTests;
			productReference = 2D636FCC1C434B7C00346C8C /* MyTestTests.xctest */;
			productType = "com.apple.product-type.bundle.unit-test";
		};
		2D636FD61C434B7D00346C8C /* MyTestUITests */ = {
			isa = PBXNativeTarget;
			buildConfigurationList = 2D636FE61C434B7D00346C8C /* Build configuration list for PBXNativeTarget "MyTestUITests" */;
			buildPhases = (
				2D636FD31C434B7D00346C8C /* Sources */,
				2D636FD41C434B7D00346C8C /* Frameworks */,
				2D636FD51C434B7D00346C8C /* Resources */,
			);
			buildRules = (
			);
			dependencies = (
				2D636FD91C434B7D00346C8C /* PBXTargetDependency */,
			);
			name = MyTestUITests;
			productName = MyTestUITests;
			productReference = 2D636FD71C434B7D00346C8C /* MyTestUITests.xctest */;
			productType = "com.apple.product-type.bundle.ui-testing";
		};
/* End PBXNativeTarget section */

/* Begin PBXProject section */
		2D636FAB1C434B7C00346C8C /* Project object */ = {
			isa = PBXProject;
			attributes = {
				LastUpgradeCheck = 0720;
				ORGANIZATIONNAME = NHNENT;
				TargetAttributes = {
					2D636FB21C434B7C00346C8C = {
						CreatedOnToolsVersion = 7.2;
					};
					2D636FCB1C434B7C00346C8C = {
						CreatedOnToolsVersion = 7.2;
						TestTargetID = 2D636FB21C434B7C00346C8C;
					};
					2D636FD61C434B7D00346C8C = {
						CreatedOnToolsVersion = 7.2;
						TestTargetID = 2D636FB21C434B7C00346C8C;
					};
				};
			};
			buildConfigurationList = 2D636FAE1C434B7C00346C8C /* Build configuration list for PBXProject "MyTest" */;
			compatibilityVersion = "Xcode 3.2";
			developmentRegion = English;
			hasScannedForEncodings = 0;
			knownRegions = (
				en,
				Base,
			);
			mainGroup = 2D636FAA1C434B7C00346C8C;
			productRefGroup = 2D636FB41C434B7C00346C8C /* Products */;
			projectDirPath = "";
			projectRoot = "";
			targets = (
				2D636FB21C434B7C00346C8C /* MyTest */,
				2D636FCB1C434B7C00346C8C /* MyTestTests */,
				2D636FD61C434B7D00346C8C /* MyTestUITests */,
			);
		};
/* End PBXProject section */

/* Begin PBXResourcesBuildPhase section */
		2D636FB11C434B7C00346C8C /* Resources */ = {
			isa = PBXResourcesBuildPhase;
			buildActionMask = 2147483647;
			files = (
				2D636FC61C434B7C00346C8C /* LaunchScreen.storyboard in Resources */,
				2D636FC31C434B7C00346C8C /* Assets.xcassets in Resources */,
				2D636FC11C434B7C00346C8C /* Main.storyboard in Resources */,
			);
			runOnlyForDeploymentPostprocessing = 0;
		};
		2D636FCA1C434B7C00346C8C /* Resources */ = {
			isa = PBXResourcesBuildPhase;
			buildActionMask = 2147483647;
			files = (
			);
			runOnlyForDeploymentPostprocessing = 0;
		};
		2D636FD51C434B7D00346C8C /* Resources */ = {
			isa = PBXResourcesBuildPhase;
			buildActionMask = 2147483647;
			files = (
			);
			runOnlyForDeploymentPostprocessing = 0;
		};
/* End PBXResourcesBuildPhase section */

/* Begin PBXSourcesBuildPhase section */
		2D636FAF1C434B7C00346C8C /* Sources */ = {
			isa = PBXSourcesBuildPhase;
			buildActionMask = 2147483647;
			files = (
				2D636FBE1C434B7C00346C8C /* ViewController.m in Sources */,
				2D636FBB1C434B7C00346C8C /* AppDelegate.m in Sources */,
				2D636FB81C434B7C00346C8C /* main.m in Sources */,
			);
			runOnlyForDeploymentPostprocessing = 0;
		};
		2D636FC81C434B7C00346C8C /* Sources */ = {
			isa = PBXSourcesBuildPhase;
			buildActionMask = 2147483647;
			files = (
				2D636FD11C434B7D00346C8C /* MyTestTests.m in Sources */,
			);
			runOnlyForDeploymentPostprocessing = 0;
		};
		2D636FD31C434B7D00346C8C /* Sources */ = {
			isa = PBXSourcesBuildPhase;
			buildActionMask = 2147483647;
			files = (
				2D636FDC1C434B7D00346C8C /* MyTestUITests.m in Sources */,
			);
			runOnlyForDeploymentPostprocessing = 0;
		};
/* End PBXSourcesBuildPhase section */

/* Begin PBXTargetDependency section */
		2D636FCE1C434B7C00346C8C /* PBXTargetDependency */ = {
			isa = PBXTargetDependency;
			target = 2D636FB21C434B7C00346C8C /* MyTest */;
			targetProxy = 2D636FCD1C434B7C00346C8C /* PBXContainerItemProxy */;
		};
		2D636FD91C434B7D00346C8C /* PBXTargetDependency */ = {
			isa = PBXTargetDependency;
			target = 2D636FB21C434B7C00346C8C /* MyTest */;
			targetProxy = 2D636FD81C434B7D00346C8C /* PBXContainerItemProxy */;
		};
/* End PBXTargetDependency section */

/* Begin PBXVariantGroup section */
		2D636FBF1C434B7C00346C8C /* Main.storyboard */ = {
			isa = PBXVariantGroup;
			children = (
				2D636FC01C434B7C00346C8C /* Base */,
			);
			name = Main.storyboard;
			sourceTree = "<group>";
		};
		2D636FC41C434B7C00346C8C /* LaunchScreen.storyboard */ = {
			isa = PBXVariantGroup;
			children = (
				2D636FC51C434B7C00346C8C /* Base */,
			);
			name = LaunchScreen.storyboard;
			sourceTree = "<group>";
		};
/* End PBXVariantGroup section */

/* Begin XCBuildConfiguration section */
		2D636FDE1C434B7D00346C8C /* Debug */ = {
			isa = XCBuildConfiguration;
			buildSettings = {
				ALWAYS_SEARCH_USER_PATHS = NO;
				CLANG_CXX_LANGUAGE_STANDARD = "gnu++0x";
				CLANG_CXX_LIBRARY = "libc++";
				CLANG_ENABLE_MODULES = YES;
				CLANG_ENABLE_OBJC_ARC = YES;
				CLANG_WARN_BOOL_CONVERSION = YES;
				CLANG_WARN_CONSTANT_CONVERSION = YES;
				CLANG_WARN_DIRECT_OBJC_ISA_USAGE = YES_ERROR;
				CLANG_WARN_EMPTY_BODY = YES;
				CLANG_WARN_ENUM_CONVERSION = YES;
				CLANG_WARN_INT_CONVERSION = YES;
				CLANG_WARN_OBJC_ROOT_CLASS = YES_ERROR;
				CLANG_WARN_UNREACHABLE_CODE = YES;
				CLANG_WARN__DUPLICATE_METHOD_MATCH = YES;
				"CODE_SIGN_IDENTITY[sdk=iphoneos*]" = "iPhone Developer";
				COPY_PHASE_STRIP = NO;
				DEBUG_INFORMATION_FORMAT = dwarf;
				ENABLE_STRICT_OBJC_MSGSEND = YES;
				ENABLE_TESTABILITY = YES;
				GCC_C_LANGUAGE_STANDARD = gnu99;
				GCC_DYNAMIC_NO_PIC = NO;
				GCC_NO_COMMON_BLOCKS = YES;
				GCC_OPTIMIZATION_LEVEL = 0;
				GCC_PREPROCESSOR_DEFINITIONS = (
					"DEBUG=1",
					"$(inherited)",
				);
				GCC_WARN_64_TO_32_BIT_CONVERSION = YES;
				GCC_WARN_ABOUT_RETURN_TYPE = YES_ERROR;
				GCC_WARN_UNDECLARED_SELECTOR = YES;
				GCC_WARN_UNINITIALIZED_AUTOS = YES_AGGRESSIVE;
				GCC_WARN_UNUSED_FUNCTION = YES;
				GCC_WARN_UNUSED_VARIABLE = YES;
				IPHONEOS_DEPLOYMENT_TARGET = 9.2;
				MTL_ENABLE_DEBUG_INFO = YES;
				ONLY_ACTIVE_ARCH = YES;
				SDKROOT = iphoneos;
				TARGETED_DEVICE_FAMILY = "1,2";
			};
			name = Debug;
		};
		2D636FDF1C434B7D00346C8C /* Release */ = {
			isa = XCBuildConfiguration;
			buildSettings = {
				ALWAYS_SEARCH_USER_PATHS = NO;
				CLANG_CXX_LANGUAGE_STANDARD = "gnu++0x";
				CLANG_CXX_LIBRARY = "libc++";
				CLANG_ENABLE_MODULES = YES;
				CLANG_ENABLE_OBJC_ARC = YES;
				CLANG_WARN_BOOL_CONVERSION = YES;
				CLANG_WARN_CONSTANT_CONVERSION = YES;
				CLANG_WARN_DIRECT_OBJC_ISA_USAGE = YES_ERROR;
				CLANG_WARN_EMPTY_BODY = YES;
				CLANG_WARN_ENUM_CONVERSION = YES;
				CLANG_WARN_INT_CONVERSION = YES;
				CLANG_WARN_OBJC_ROOT_CLASS = YES_ERROR;
				CLANG_WARN_UNREACHABLE_CODE = YES;
				CLANG_WARN__DUPLICATE_METHOD_MATCH = YES;
				"CODE_SIGN_IDENTITY[sdk=iphoneos*]" = "iPhone Developer";
				COPY_PHASE_STRIP = NO;
				DEBUG_INFORMATION_FORMAT = "dwarf-with-dsym";
				ENABLE_NS_ASSERTIONS = NO;
				ENABLE_STRICT_OBJC_MSGSEND = YES;
				GCC_C_LANGUAGE_STANDARD = gnu99;
				GCC_NO_COMMON_BLOCKS = YES;
				GCC_WARN_64_TO_32_BIT_CONVERSION = YES;
				GCC_WARN_ABOUT_RETURN_TYPE = YES_ERROR;
				GCC_WARN_UNDECLARED_SELECTOR = YES;
				GCC_WARN_UNINITIALIZED_AUTOS = YES_AGGRESSIVE;
				GCC_WARN_UNUSED_FUNCTION = YES;
				GCC_WARN_UNUSED_VARIABLE = YES;
				IPHONEOS_DEPLOYMENT_TARGET = 9.2;
				MTL_ENABLE_DEBUG_INFO = NO;
				SDKROOT = iphoneos;
				TARGETED_DEVICE_FAMILY = "1,2";
				VALIDATE_PRODUCT = YES;
			};
			name = Release;
		};
		2D636FE11C434B7D00346C8C /* Debug */ = {
			isa = XCBuildConfiguration;
			buildSettings = {
				ASSETCATALOG_COMPILER_APPICON_NAME = AppIcon;
				INFOPLIST_FILE = MyTest/Info.plist;
				LD_RUNPATH_SEARCH_PATHS = "$(inherited) @executable_path/Frameworks";
				PRODUCT_BUNDLE_IDENTIFIER = com.daesung.MyTest;
				PRODUCT_NAME = "$(TARGET_NAME)";
			};
			name = Debug;
		};
		2D636FE21C434B7D00346C8C /* Release */ = {
			isa = XCBuildConfiguration;
			buildSettings = {
				ASSETCATALOG_COMPILER_APPICON_NAME = AppIcon;
				INFOPLIST_FILE = MyTest/Info.plist;
				LD_RUNPATH_SEARCH_PATHS = "$(inherited) @executable_path/Frameworks";
				PRODUCT_BUNDLE_IDENTIFIER = com.daesung.MyTest;
				PRODUCT_NAME = "$(TARGET_NAME)";
			};
			name = Release;
		};
		2D636FE41C434B7D00346C8C /* Debug */ = {
			isa = XCBuildConfiguration;
			buildSettings = {
				BUNDLE_LOADER = "$(TEST_HOST)";
				INFOPLIST_FILE = MyTestTests/Info.plist;
				LD_RUNPATH_SEARCH_PATHS = "$(inherited) @executable_path/Frameworks @loader_path/Frameworks";
				PRODUCT_BUNDLE_IDENTIFIER = com.daesung.MyTestTests;
				PRODUCT_NAME = "$(TARGET_NAME)";
				TEST_HOST = "$(BUILT_PRODUCTS_DIR)/MyTest.app/MyTest";
			};
			name = Debug;
		};
		2D636FE51C434B7D00346C8C /* Release */ = {
			isa = XCBuildConfiguration;
			buildSettings = {
				BUNDLE_LOADER = "$(TEST_HOST)";
				INFOPLIST_FILE = MyTestTests/Info.plist;
				LD_RUNPATH_SEARCH_PATHS = "$(inherited) @executable_path/Frameworks @loader_path/Frameworks";
				PRODUCT_BUNDLE_IDENTIFIER = com.daesung.MyTestTests;
				PRODUCT_NAME = "$(TARGET_NAME)";
				TEST_HOST = "$(BUILT_PRODUCTS_DIR)/MyTest.app/MyTest";
			};
			name = Release;
		};
		2D636FE71C434B7D00346C8C /* Debug */ = {
			isa = XCBuildConfiguration;
			buildSettings = {
				INFOPLIST_FILE = MyTestUITests/Info.plist;
				LD_RUNPATH_SEARCH_PATHS = "$(inherited) @executable_path/Frameworks @loader_path/Frameworks";
				PRODUCT_BUNDLE_IDENTIFIER = com.daesung.MyTestUITests;
				PRODUCT_NAME = "$(TARGET_NAME)";
				TEST_TARGET_NAME = MyTest;
				USES_XCTRUNNER = YES;
			};
			name = Debug;
		};
		2D636FE81C434B7D00346C8C /* Release */ = {
			isa = XCBuildConfiguration;
			buildSettings = {
				INFOPLIST_FILE = MyTestUITests/Info.plist;
				LD_RUNPATH_SEARCH_PATHS = "$(inherited) @executable_path/Frameworks @loader_path/Frameworks";
				PRODUCT_BUNDLE_IDENTIFIER = com.daesung.MyTestUITests;
				PRODUCT_NAME = "$(TARGET_NAME)";
				TEST_TARGET_NAME = MyTest;
				USES_XCTRUNNER = YES;
			};
			name = Release;
		};
/* End XCBuildConfiguration section */

/* Begin XCConfigurationList section */
		2D636FAE1C434B7C00346C8C /* Build configuration list for PBXProject "MyTest" */ = {
			isa = XCConfigurationList;
			buildConfigurations = (
				2D636FDE1C434B7D00346C8C /* Debug */,
				2D636FDF1C434B7D00346C8C /* Release */,
			);
			defaultConfigurationIsVisible = 0;
			defaultConfigurationName = Release;
		};
		2D636FE01C434B7D00346C8C /* Build configuration list for PBXNativeTarget "MyTest" */ = {
			isa = XCConfigurationList;
			buildConfigurations = (
				2D636FE11C434B7D00346C8C /* Debug */,
				2D636FE21C434B7D00346C8C /* Release */,
			);
			defaultConfigurationIsVisible = 0;
		};
		2D636FE31C434B7D00346C8C /* Build configuration list for PBXNativeTarget "MyTestTests" */ = {
			isa = XCConfigurationList;
			buildConfigurations = (
				2D636FE41C434B7D00346C8C /* Debug */,
				2D636FE51C434B7D00346C8C /* Release */,
			);
			defaultConfigurationIsVisible = 0;
		};
		2D636FE61C434B7D00346C8C /* Build configuration list for PBXNativeTarget "MyTestUITests" */ = {
			isa = XCConfigurationList;
			buildConfigurations = (
				2D636FE71C434B7D00346C8C /* Debug */,
				2D636FE81C434B7D00346C8C /* Release */,
			);
			defaultConfigurationIsVisible = 0;
		};
/* End XCConfigurationList section */
	};
	rootObject = 2D636FAB1C434B7C00346C8C /* Project object */;
}
